
Microsoft Visual Studio Solution File, Format Version 10.00
# Visual Studio 2008
Project("{8BC9CEB8-8B4A-11D0-8D11-00A0C91BC942}") = "CameraAPI", "CameraAPI\CameraAPI.vcproj", "{DF9C51BF-F66A-4CBC-AD51-3D9DD02EE421}"
EndProject
Project("{8BC9CEB8-8B4A-11D0-8D11-00A0C91BC942}") = "MachineAPI", "MachineAPI\MachineAPI.vcproj", "{289B07FC-C0F6-4C3B-9560-C8BC80800887}"
EndProject
Project("{8BC9CEB8-8B4A-11D0-8D11-00A0C91BC942}") = "PicknPlaceGui", "GUI\PicknPlaceGui.vcproj", "{D5C1F315-0D7F-47E6-B328-DCE6407B5859}"
	ProjectSection(ProjectDependencies) = postProject
		{DF9C51BF-F66A-4CBC-AD51-3D9DD02EE421} = {DF9C51BF-F66A-4CBC-AD51-3D9DD02EE421}
		{289B07FC-C0F6-4C3B-9560-C8BC80800887} = {289B07FC-C0F6-4C3B-9560-C8BC80800887}
	EndProjectSection
EndProject
Global
	GlobalSection(SolutionConfigurationPlatforms) = preSolution
		Debug|Win32 = Debug|Win32
		Release|Win32 = Release|Win32
	EndGlobalSection
	GlobalSection(ProjectConfigurationPlatforms) = postSolution
		{DF9C51BF-F66A-4CBC-AD51-3D9DD02EE421}.Debug|Win32.ActiveCfg = Debug|Win32
		{DF9C51BF-F66A-4CBC-AD51-3D9DD02EE421}.Debug|Win32.Build.0 = Debug|Win32
		{DF9C51BF-F66A-4CBC-AD51-3D9DD02EE421}.Release|Win32.ActiveCfg = Release|Win32
		{DF9C51BF-F66A-4CBC-AD51-3D9DD02EE421}.Release|Win32.Build.0 = Release|Win32
		{289B07FC-C0F6-4C3B-9560-C8BC80800887}.Debug|Win32.ActiveCfg = Debug|Win32
		{289B07FC-C0F6-4C3B-9560-C8BC80800887}.Debug|Win32.Build.0 = Debug|Win32
		{289B07FC-C0F6-4C3B-9560-C8BC80800887}.Release|Win32.ActiveCfg = Release|Win32
		{289B07FC-C0F6-4C3B-9560-C8BC80800887}.Release|Win32.Build.0 = Release|Win32
		{D5C1F315-0D7F-47E6-B328-DCE6407B5859}.Debug|Win32.ActiveCfg = Debug|Win32
		{D5C1F315-0D7F-47E6-B328-DCE6407B5859}.Debug|Win32.Build.0 = Debug|Win32
		{D5C1F315-0D7F-47E6-B328-DCE6407B5859}.Release|Win32.ActiveCfg = Release|Win32
		{D5C1F315-0D7F-47E6-B328-DCE6407B5859}.Release|Win32.Build.0 = Release|Win32
	EndGlobalSection
	GlobalSection(SolutionProperties) = preSolution
		HideSolutionNode = FALSE
	EndGlobalSection
EndGlobal
